PODS:
  - Alamofire (3.1.5)
  - SwiftyJSON (2.4.0)

DEPENDENCIES:
  - Alamofire (~> 3.1.2)
  - SwiftyJSON (= 2.4.0)

SPEC CHECKSUMS:
  Alamofire: 5f730ba29fd113b7ddd71c1e65d0c630acf5d7b0
  SwiftyJSON: 96918c1bf505efa50c4f72957018dd3452090c9c

PODFILE CHECKSUM: d3583fb8635a0a2c152ee102f93c5cd19b719e00

COCOAPODS: 1.1.1
